
Microsoft Visual Studio Solution File, Format Version 12.00
# Visual Studio Version 16
VisualStudioVersion = 16.0.32228.343
MinimumVisualStudioVersion = 10.0.40219.1
Project("{FAE04EC0-301F-11D3-BF4B-00C04F79EFBC}") = "Fabrika1.proje", "Fabrika1.proje\Fabrika1.proje.csproj", "{D1FCCB8E-ADE9-49E5-9923-B0D7BB151EF3}"
EndProject
Global
	GlobalSection(SolutionConfigurationPlatforms) = preSolution
		Debug|Any CPU = Debug|Any CPU
		Release|Any CPU = Release|Any CPU
	EndGlobalSection
	GlobalSection(ProjectConfigurationPlatforms) = postSolution
		{D1FCCB8E-ADE9-49E5-9923-B0D7BB151EF3}.Debug|Any CPU.ActiveCfg = Debug|Any CPU
		{D1FCCB8E-ADE9-49E5-9923-B0D7BB151EF3}.Debug|Any CPU.Build.0 = Debug|Any CPU
		{D1FCCB8E-ADE9-49E5-9923-B0D7BB151EF3}.Release|Any CPU.ActiveCfg = Release|Any CPU
		{D1FCCB8E-ADE9-49E5-9923-B0D7BB151EF3}.Release|Any CPU.Build.0 = Release|Any CPU
	EndGlobalSection
	GlobalSection(SolutionProperties) = preSolution
		HideSolutionNode = FALSE
	EndGlobalSection
	GlobalSection(ExtensibilityGlobals) = postSolution
		SolutionGuid = {F9094C85-374A-4027-AAB6-A80A177FC0DB}
	EndGlobalSection
EndGlobal
